github.com/aws/aws-sdk-go-v2 v1.27.0 h1:7bZWKoXhzI+mMR/HjdMx8ZCC5+6fY0lS5tr0bbgiLlo=
github.com/aws/aws-sdk-go-v2 v1.27.0/go.mod h1:ffIFB97e2yNsv4aTSGkqtHnppsIJzw7G7BReUZ3jCXM=
github.com/aws/aws-sdk-go-v2/aws/protocol/eventstream v1.4.9 h1:RKci2D7tMwpvGpDNZnGQw9wk6v7o/xSwFcUAuNPoB8k=
github.com/aws/aws-sdk-go-v2/aws/protocol/eventstream v1.4.9/go.mod h1:vCmV1q1VK8eoQJ5+aYE7PkK1K6v41qJ5pJdK3ggCDvg=
github.com/aws/aws-sdk-go-v2/config v1.15.3 h1:5AlQD0jhVXlGzwo+VORKiUuogkG7pQcLJNzIzK7eodw=
github.com/aws/aws-sdk-go-v2/config v1.15.3/go.mod h1:9YL3v07Xc/ohTsxFXzan9ZpFpdTOFl4X65BAKYaz8jg=
github.com/aws/aws-sdk-go-v2/credentials v1.11.2 h1:RQQ5fzclAKJyY5TvF+fkjJEwzK4hnxQCLOu5JXzDmQo=
github.com/aws/aws-sdk-go-v2/credentials v1.11.2/go.mod h1:j8YsY9TXTm31k4eFhspiQicfXPLZ0gYXA50i4gxPE8g=
github.com/aws/aws-sdk-go-v2/feature/ec2/imds v1.12.3 h1:LWPg5zjHV9oz/myQr4wMs0gi4CjnDN/ILmyZUFYXZsU=
github.com/aws/aws-sdk-go-v2/feature/ec2/imds v1.12.3/go.mod h1:uk1vhHHERfSVCUnqSqz8O48LBYDSC+k6brng09jcMOk=
github.com/aws/aws-sdk-go-v2/internal/configsources v1.3.7 h1:lf/8VTF2cM+N4SLzaYJERKEWAXq8MOMpZfU6wEPWsPk=
github.com/aws/aws-sdk-go-v2/internal/configsources v1.3.7/go.mod h1:4SjkU7QiqK2M9oozyMzfZ/23LmUY+h3oFqhdeP5OMiI=
github.com/aws/aws-sdk-go-v2/internal/endpoints/v2 v2.6.7 h1:4OYVp0705xu8yjdyoWix0r9wPIRXnIzzOoUpQVHIJ/g=
github.com/aws/aws-sdk-go-v2/internal/endpoints/v2 v2.6.7/go.mod h1:vd7ESTEvI76T2Na050gODNmNU7+OyKrIKroYTu4ABiI=
github.com/aws/aws-sdk-go-v2/internal/ini v1.3.10 h1:by9P+oy3P/CwggN4ClnW2D4oL91QV7pBzBICi1chZvQ=
github.com/aws/aws-sdk-go-v2/internal/ini v1.3.10/go.mod h1:8DcYQcz0+ZJaSxANlHIsbbi6S+zMwjwdDqwW3r9AzaE=
github.com/aws/aws-sdk-go-v2/internal/v4a v1.0.16 h1:2EXB7dtGwRYIN3XQ9qwIW504DVbKIw3r89xQnonGdsQ=
github.com/aws/aws-sdk-go-v2/internal/v4a v1.0.16/go.mod h1:XH+3h395e3WVdd6T2Z3mPxuI+x/HVtdqVOREkTiyubs=
github.com/aws/aws-sdk-go-v2/service/iam v1.32.3 h1:F42/2xfjHsC1qKXlDtHpajyNUplYPdn2f2yal6l3o5o=
github.com/aws/aws-sdk-go-v2/service/iam v1.32.3/go.mod h1:0xqsq1/HsAC7+OaRMFUHfFtM5wmuFeX4VlbpxNAc2qY=
github.com/aws/aws-sdk-go-v2/service/internal/accept-encoding v1.9.10 h1:dpiPHgmFstgkLG07KaYAewvuptq5kvo52xn7tVSrtrQ=
github.com/aws/aws-sdk-go-v2/service/internal/accept-encoding v1.9.10/go.mod h1:9cBNUHI2aW4ho0A5T87O294iPDuuUOSIEDjnd1Lq/z0=
github.com/aws/aws-sdk-go-v2/service/internal/checksum v1.1.20 h1:KSvtm1+fPXE0swe9GPjc6msyrdTT0LB/BP8eLugL1FI=
github.com/aws/aws-sdk-go-v2/service/internal/checksum v1.1.20/go.mod h1:Mp4XI/CkWGD79AQxZ5lIFlgvC0A+gl+4BmyG1F+SfNc=
github.com/aws/aws-sdk-go-v2/service/internal/presigned-url v1.9.19 h1:GE25AWCdNUPh9AOJzI9KIJnja7IwUc1WyUqz/JTyJ/I=
github.com/aws/aws-sdk-go-v2/service/internal/presigned-url v1.9.19/go.mod h1:02CP6iuYP+IVnBX5HULVdSAku/85eHB2Y9EsFhrkEwU=
github.com/aws/aws-sdk-go-v2/service/internal/s3shared v1.13.19 h1:piDBAaWkaxkkVV3xJJbTehXCZRXYs49kvpi/LG6LR2o=
github.com/aws/aws-sdk-go-v2/service/internal/s3shared v1.13.19/go.mod h1:BmQWRVkLTmyNzYPFAZgon53qKLWBNSvonugD1MrSWUs=
github.com/aws/aws-sdk-go-v2/service/s3 v1.29.4 h1:QgmmWifaYZZcpaw3y1+ccRlgH6jAvLm4K/MBGUc7cNM=
github.com/aws/aws-sdk-go-v2/service/s3 v1.29.4/go.mod h1:/NHbqPRiwxSPVOB2Xr+StDEH+GWV/64WwnUjv4KYzV0=
github.com/aws/aws-sdk-go-v2/service/sso v1.11.3 h1:frW4ikGcxfAEDfmQqWgMLp+F1n4nRo9sF39OcIb5BkQ=
github.com/aws/aws-sdk-go-v2/service/sso v1.11.3/go.mod h1:7UQ/e69kU7LDPtY40OyoHYgRmgfGM4mgsLYtcObdveU=
github.com/aws/aws-sdk-go-v2/service/sts v1.16.3 h1:cJGRyzCSVwZC7zZZ1xbx9m32UnrKydRYhOvcD1NYP9Q=
github.com/aws/aws-sdk-go-v2/service/sts v1.16.3/go.mod h1:bfBj0iVmsUyUg4weDB4NxktD9rDGeKSVWnjTnwbx9b8=
github.com/aws/smithy-go v1.20.2 h1:tbp628ireGtzcHDDmLT/6ADHidqnwgF57XOXZe6tp4Q=
github.com/aws/smithy-go v1.20.2/go.mod h1:krry+ya/rV9RDcV/Q16kpu6ypI4K2czasz0NC3qS14E=
github.com/awsdocs/aws-doc-sdk-examples/gov2/iam v0.0.0-20240517173000-3632d040d1c9 h1:CCHlh8wCAl0xddWQ7nm/6+2Goic1yJbkNlkJPXNvINg=
github.com/awsdocs/aws-doc-sdk-examples/gov2/iam v0.0.0-20240517173000-3632d040d1c9/go.mod h1:5z7HCCGRHu7gHdz7L1AHilOSbfSkSAdpmMB+M8Hwrtc=
github.com/awsdocs/aws-doc-sdk-examples/gov2/testtools v0.0.0-20221128164950-0d7455c51e77 h1:3+pp18MCQon5xN97pxVQlhUX1CdXpl665/QEny4iUUk=
github.com/awsdocs/aws-doc-sdk-examples/gov2/testtools v0.0.0-20221128164950-0d7455c51e77/go.mod h1:qcs782jWmSQW2exwfKW39rOvOJBZ4xzO8dVLoFF62Sc=
github.com/google/go-cmp v0.5.9 h1:O2Tfq5qg4qc4AmwVlvv0oLiVAGB7enBSJ2x2DqQFi38=
github.com/google/go-cmp v0.5.9/go.mod h1:17dUlkBOakJ0+DkrSSNjCkIjxS6bF9zb3elmeNGIjoY=
github.com/micahhausler/aws-iam-policy v0.4.2 h1:HF7bERLnpqEmffV9/wTT4jZ7TbSNVk0JbpXo1Cj3up0=
github.com/micahhausler/aws-iam-policy v0.4.2/go.mod h1:Ojgst9ZFn+VEEJpqtuw/LxVGqEf2+hwWBlkYWvF/XWM=
